// !$*UTF8*$!
{
	archiveVersion = 1;
	classes = {
	};
	objectVersion = 50;
	objects = {

/* Begin PBXFileReference section */
		85CBCAC9232A1CB900EFEFE3 /* irbuilder */ = {isa = PBXFileReference; lastKnownFileType = folder; path = irbuilder; sourceTree = "<group>"; };
		85CBCACA232A1CB900EFEFE3 /* Util.cpp */ = {isa = PBXFileReference; lastKnownFileType = sourcecode.cpp.cpp; path = Util.cpp; sourceTree = "<group>"; };
		85CBCACB232A1CB900EFEFE3 /* CMakeLists.txt */ = {isa = PBXFileReference; lastKnownFileType = text; path = CMakeLists.txt; sourceTree = "<group>"; };
		85CBCACC232A1CB900EFEFE3 /* CMakeFiles */ = {isa = PBXFileReference; lastKnownFileType = folder; path = CMakeFiles; sourceTree = "<group>"; };
		85CBCACD232A1CB900EFEFE3 /* Makefile */ = {isa = PBXFileReference; lastKnownFileType = sourcecode.make; path = Makefile; sourceTree = "<group>"; };
		85CBCACE232A1CB900EFEFE3 /* include */ = {isa = PBXFileReference; lastKnownFileType = folder; path = include; sourceTree = "<group>"; };
		85CBCACF232A1CB900EFEFE3 /* cmake_install.cmake */ = {isa = PBXFileReference; lastKnownFileType = text; path = cmake_install.cmake; sourceTree = "<group>"; };
		85CBCAD0232A1CB900EFEFE3 /* CTestTestfile.cmake */ = {isa = PBXFileReference; lastKnownFileType = text; path = CTestTestfile.cmake; sourceTree = "<group>"; };
		85CBCAD1232A1CB900EFEFE3 /* sema */ = {isa = PBXFileReference; lastKnownFileType = folder; path = sema; sourceTree = "<group>"; };
		85CBCAD2232A1CB900EFEFE3 /* parser */ = {isa = PBXFileReference; lastKnownFileType = folder; path = parser; sourceTree = "<group>"; };
		85CBCAD3232A1CB900EFEFE3 /* SemaTest.cpp */ = {isa = PBXFileReference; lastKnownFileType = sourcecode.cpp.cpp; path = SemaTest.cpp; sourceTree = "<group>"; };
		85CBCAD4232A1CB900EFEFE3 /* CMakeCache.txt */ = {isa = PBXFileReference; lastKnownFileType = text; path = CMakeCache.txt; sourceTree = "<group>"; };
		85CBCAD5232A1CB900EFEFE3 /* typeresolution */ = {isa = PBXFileReference; lastKnownFileType = folder; path = typeresolution; sourceTree = "<group>"; };
		85CBCAD6232A1CB900EFEFE3 /* src */ = {isa = PBXFileReference; lastKnownFileType = folder; path = src; sourceTree = "<group>"; };
/* End PBXFileReference section */

/* Begin PBXGroup section */
		85CBCAC3232A1CB900EFEFE3 = {
			isa = PBXGroup;
			children = (
				85CBCAC9232A1CB900EFEFE3 /* irbuilder */,
				85CBCACA232A1CB900EFEFE3 /* Util.cpp */,
				85CBCACB232A1CB900EFEFE3 /* CMakeLists.txt */,
				85CBCACC232A1CB900EFEFE3 /* CMakeFiles */,
				85CBCACD232A1CB900EFEFE3 /* Makefile */,
				85CBCACE232A1CB900EFEFE3 /* include */,
				85CBCACF232A1CB900EFEFE3 /* cmake_install.cmake */,
				85CBCAD0232A1CB900EFEFE3 /* CTestTestfile.cmake */,
				85CBCAD1232A1CB900EFEFE3 /* sema */,
				85CBCAD2232A1CB900EFEFE3 /* parser */,
				85CBCAD3232A1CB900EFEFE3 /* SemaTest.cpp */,
				85CBCAD4232A1CB900EFEFE3 /* CMakeCache.txt */,
				85CBCAD5232A1CB900EFEFE3 /* typeresolution */,
				85CBCAD6232A1CB900EFEFE3 /* src */,
			);
			sourceTree = "<group>";
		};
/* End PBXGroup section */

/* Begin PBXLegacyTarget section */
		85CBCAC8232A1CB900EFEFE3 /* test */ = {
			isa = PBXLegacyTarget;
			buildArgumentsString = "$(ACTION)";
			buildConfigurationList = 85CBCAD7232A1CB900EFEFE3 /* Build configuration list for PBXLegacyTarget "test" */;
			buildPhases = (
			);
			buildToolPath = /usr/bin/make;
			buildWorkingDirectory = /Users/niklas/personal/dev/jelly/test;
			dependencies = (
			);
			name = test;
			passBuildSettingsInEnvironment = 1;
			productName = test;
		};
/* End PBXLegacyTarget section */

/* Begin PBXProject section */
		85CBCAC4232A1CB900EFEFE3 /* Project object */ = {
			isa = PBXProject;
			attributes = {
			};
			buildConfigurationList = 85CBCAC7232A1CB900EFEFE3 /* Build configuration list for PBXProject "test" */;
			compatibilityVersion = "Xcode 9.3";
			developmentRegion = en;
			hasScannedForEncodings = 0;
			knownRegions = (
				en,
			);
			mainGroup = 85CBCAC3232A1CB900EFEFE3;
			projectDirPath = "";
			projectRoot = "";
			targets = (
				85CBCAC8232A1CB900EFEFE3 /* test */,
			);
		};
/* End PBXProject section */

/* Begin XCBuildConfiguration section */
		85CBCAC5232A1CB900EFEFE3 /* Debug */ = {
			isa = XCBuildConfiguration;
			buildSettings = {
				ARCHS = "$(ARCHS_STANDARD_32_BIT)";
				COPY_PHASE_STRIP = NO;
				GCC_WARN_ABOUT_RETURN_TYPE = YES;
				GCC_WARN_UNUSED_VARIABLE = YES;
				ONLY_ACTIVE_ARCH = YES;
				SDKROOT = macosx10.6;
			};
			name = Debug;
		};
		85CBCAC6232A1CB900EFEFE3 /* Release */ = {
			isa = XCBuildConfiguration;
			buildSettings = {
				ARCHS = "$(ARCHS_STANDARD_32_BIT)";
				COPY_PHASE_STRIP = YES;
				GCC_WARN_ABOUT_RETURN_TYPE = YES;
				GCC_WARN_UNUSED_VARIABLE = YES;
				SDKROOT = macosx10.6;
			};
			name = Release;
		};
		85CBCAD8232A1CB900EFEFE3 /* Debug */ = {
			isa = XCBuildConfiguration;
			buildSettings = {
				COPY_PHASE_STRIP = NO;
				DEBUGGING_SYMBOLS = YES;
				GCC_DYNAMIC_NO_PIC = NO;
				GCC_ENABLE_FIX_AND_CONTINUE = YES;
				GCC_GENERATE_DEBUGGING_SYMBOLS = YES;
				GCC_OPTIMIZATION_LEVEL = 0;
				OTHER_CFLAGS = "";
				OTHER_LDFLAGS = "";
				PRODUCT_NAME = test;
			};
			name = Debug;
		};
		85CBCAD9232A1CB900EFEFE3 /* Release */ = {
			isa = XCBuildConfiguration;
			buildSettings = {
				COPY_PHASE_STRIP = YES;
				DEBUG_INFORMATION_FORMAT = "dwarf-with-dsym";
				GCC_ENABLE_FIX_AND_CONTINUE = NO;
				OTHER_CFLAGS = "";
				OTHER_LDFLAGS = "";
				PRODUCT_NAME = test;
			};
			name = Release;
		};
/* End XCBuildConfiguration section */

/* Begin XCConfigurationList section */
		85CBCAC7232A1CB900EFEFE3 /* Build configuration list for PBXProject "test" */ = {
			isa = XCConfigurationList;
			buildConfigurations = (
				85CBCAC5232A1CB900EFEFE3 /* Debug */,
				85CBCAC6232A1CB900EFEFE3 /* Release */,
			);
			defaultConfigurationIsVisible = 0;
			defaultConfigurationName = Release;
		};
		85CBCAD7232A1CB900EFEFE3 /* Build configuration list for PBXLegacyTarget "test" */ = {
			isa = XCConfigurationList;
			buildConfigurations = (
				85CBCAD8232A1CB900EFEFE3 /* Debug */,
				85CBCAD9232A1CB900EFEFE3 /* Release */,
			);
			defaultConfigurationIsVisible = 0;
			defaultConfigurationName = Release;
		};
/* End XCConfigurationList section */
	};
	rootObject = 85CBCAC4232A1CB900EFEFE3 /* Project object */;
}
